// !$*UTF8*$!
{
	archiveVersion = 1;
	classes = {
	};
	objectVersion = 55;
	objects = {

/* Begin PBXBuildFile section */
		110B64753A5D6605D3CB2241 /* Pods_FlixTests.framework in Frameworks */ = {isa = PBXBuildFile; fileRef = 1C3C5CDAB8F23B74FBB131A9 /* Pods_FlixTests.framework */; };
		1B07B0B728C835A600ABFD06 /* AppDelegate.swift in Sources */ = {isa = PBXBuildFile; fileRef = 1B07B0B628C835A600ABFD06 /* AppDelegate.swift */; };
		1B07B0B928C835A600ABFD06 /* SceneDelegate.swift in Sources */ = {isa = PBXBuildFile; fileRef = 1B07B0B828C835A600ABFD06 /* SceneDelegate.swift */; };
		1B07B0BB28C835A600ABFD06 /* ViewController.swift in Sources */ = {isa = PBXBuildFile; fileRef = 1B07B0BA28C835A600ABFD06 /* ViewController.swift */; };
		1B07B0BE28C835A600ABFD06 /* Main.storyboard in Resources */ = {isa = PBXBuildFile; fileRef = 1B07B0BC28C835A600ABFD06 /* Main.storyboard */; };
		1B07B0C028C835AC00ABFD06 /* Assets.xcassets in Resources */ = {isa = PBXBuildFile; fileRef = 1B07B0BF28C835AC00ABFD06 /* Assets.xcassets */; };
		1B07B0C328C835AC00ABFD06 /* LaunchScreen.storyboard in Resources */ = {isa = PBXBuildFile; fileRef = 1B07B0C128C835AC00ABFD06 /* LaunchScreen.storyboard */; };
		1B07B0CE28C835AC00ABFD06 /* FlixTests.swift in Sources */ = {isa = PBXBuildFile; fileRef = 1B07B0CD28C835AC00ABFD06 /* FlixTests.swift */; };
		1B07B0D828C835AC00ABFD06 /* FlixUITests.swift in Sources */ = {isa = PBXBuildFile; fileRef = 1B07B0D728C835AC00ABFD06 /* FlixUITests.swift */; };
		1B07B0DA28C835AC00ABFD06 /* FlixUITestsLaunchTests.swift in Sources */ = {isa = PBXBuildFile; fileRef = 1B07B0D928C835AC00ABFD06 /* FlixUITestsLaunchTests.swift */; };
		1BD7BCEA28CCEDD70067BA03 /* MoviesViewController.swift in Sources */ = {isa = PBXBuildFile; fileRef = 1BD7BCE928CCEDD70067BA03 /* MoviesViewController.swift */; };
		1BD7BCEC28CCF6E30067BA03 /* MovieCell.swift in Sources */ = {isa = PBXBuildFile; fileRef = 1BD7BCEB28CCF6E30067BA03 /* MovieCell.swift */; };
		1BD7BCEF28CCFE190067BA03 /* AlamofireImage in Frameworks */ = {isa = PBXBuildFile; productRef = 1BD7BCEE28CCFE190067BA03 /* AlamofireImage */; };
		1BD7BCF128D813D60067BA03 /* MovieDetailsViewController.swift in Sources */ = {isa = PBXBuildFile; fileRef = 1BD7BCF028D813D60067BA03 /* MovieDetailsViewController.swift */; };
		1BD7BCF328D81C7F0067BA03 /* MovieGridViewController.swift in Sources */ = {isa = PBXBuildFile; fileRef = 1BD7BCF228D81C7F0067BA03 /* MovieGridViewController.swift */; };
		1BD7BCF528D81F0E0067BA03 /* MovieGridCell.swift in Sources */ = {isa = PBXBuildFile; fileRef = 1BD7BCF428D81F0E0067BA03 /* MovieGridCell.swift */; };
		78B68A27085EC0DCA0680653 /* Pods_Flix.framework in Frameworks */ = {isa = PBXBuildFile; fileRef = D8E70F526E544DF664B0E8D2 /* Pods_Flix.framework */; };
		BE748B6BB585999E490FFFEB /* Pods_Flix_FlixUITests.framework in Frameworks */ = {isa = PBXBuildFile; fileRef = 96DDA8BD57FC6F744AF2093E /* Pods_Flix_FlixUITests.framework */; };
/* End PBXBuildFile section */

/* Begin PBXContainerItemProxy section */
		1B07B0CA28C835AC00ABFD06 /* PBXContainerItemProxy */ = {
			isa = PBXContainerItemProxy;
			containerPortal = 1B07B0AB28C835A600ABFD06 /* Project object */;
			proxyType = 1;
			remoteGlobalIDString = 1B07B0B228C835A600ABFD06;
			remoteInfo = Flix;
		};
		1B07B0D428C835AC00ABFD06 /* PBXContainerItemProxy */ = {
			isa = PBXContainerItemProxy;
			containerPortal = 1B07B0AB28C835A600ABFD06 /* Project object */;
			proxyType = 1;
			remoteGlobalIDString = 1B07B0B228C835A600ABFD06;
			remoteInfo = Flix;
		};
/* End PBXContainerItemProxy section */

/* Begin PBXFileReference section */
		1B07B0B328C835A600ABFD06 /* Flix.app */ = {isa = PBXFileReference; explicitFileType = wrapper.application; includeInIndex = 0; path = Flix.app; sourceTree = BUILT_PRODUCTS_DIR; };
		1B07B0B628C835A600ABFD06 /* AppDelegate.swift */ = {isa = PBXFileReference; lastKnownFileType = sourcecode.swift; path = AppDelegate.swift; sourceTree = "<group>"; };
		1B07B0B828C835A600ABFD06 /* SceneDelegate.swift */ = {isa = PBXFileReference; lastKnownFileType = sourcecode.swift; path = SceneDelegate.swift; sourceTree = "<group>"; };
		1B07B0BA28C835A600ABFD06 /* ViewController.swift */ = {isa = PBXFileReference; lastKnownFileType = sourcecode.swift; path = ViewController.swift; sourceTree = "<group>"; };
		1B07B0BD28C835A600ABFD06 /* Base */ = {isa = PBXFileReference; lastKnownFileType = file.storyboard; name = Base; path = Base.lproj/Main.storyboard; sourceTree = "<group>"; };
		1B07B0BF28C835AC00ABFD06 /* Assets.xcassets */ = {isa = PBXFileReference; lastKnownFileType = folder.assetcatalog; path = Assets.xcassets; sourceTree = "<group>"; };
		1B07B0C228C835AC00ABFD06 /* Base */ = {isa = PBXFileReference; lastKnownFileType = file.storyboard; name = Base; path = Base.lproj/LaunchScreen.storyboard; sourceTree = "<group>"; };
		1B07B0C428C835AC00ABFD06 /* Info.plist */ = {isa = PBXFileReference; lastKnownFileType = text.plist.xml; path = Info.plist; sourceTree = "<group>"; };
		1B07B0C928C835AC00ABFD06 /* FlixTests.xctest */ = {isa = PBXFileReference; explicitFileType = wrapper.cfbundle; includeInIndex = 0; path = FlixTests.xctest; sourceTree = BUILT_PRODUCTS_DIR; };
		1B07B0CD28C835AC00ABFD06 /* FlixTests.swift */ = {isa = PBXFileReference; lastKnownFileType = sourcecode.swift; path = FlixTests.swift; sourceTree = "<group>"; };
		1B07B0D328C835AC00ABFD06 /* FlixUITests.xctest */ = {isa = PBXFileReference; explicitFileType = wrapper.cfbundle; includeInIndex = 0; path = FlixUITests.xctest; sourceTree = BUILT_PRODUCTS_DIR; };
		1B07B0D728C835AC00ABFD06 /* FlixUITests.swift */ = {isa = PBXFileReference; lastKnownFileType = sourcecode.swift; path = FlixUITests.swift; sourceTree = "<group>"; };
		1B07B0D928C835AC00ABFD06 /* FlixUITestsLaunchTests.swift */ = {isa = PBXFileReference; lastKnownFileType = sourcecode.swift; path = FlixUITestsLaunchTests.swift; sourceTree = "<group>"; };
		1BD7BCE928CCEDD70067BA03 /* MoviesViewController.swift */ = {isa = PBXFileReference; lastKnownFileType = sourcecode.swift; path = MoviesViewController.swift; sourceTree = "<group>"; };
		1BD7BCEB28CCF6E30067BA03 /* MovieCell.swift */ = {isa = PBXFileReference; lastKnownFileType = sourcecode.swift; path = MovieCell.swift; sourceTree = "<group>"; };
		1BD7BCF028D813D60067BA03 /* MovieDetailsViewController.swift */ = {isa = PBXFileReference; lastKnownFileType = sourcecode.swift; path = MovieDetailsViewController.swift; sourceTree = "<group>"; };
		1BD7BCF228D81C7F0067BA03 /* MovieGridViewController.swift */ = {isa = PBXFileReference; lastKnownFileType = sourcecode.swift; path = MovieGridViewController.swift; sourceTree = "<group>"; };
		1BD7BCF428D81F0E0067BA03 /* MovieGridCell.swift */ = {isa = PBXFileReference; lastKnownFileType = sourcecode.swift; path = MovieGridCell.swift; sourceTree = "<group>"; };
		1C3C5CDAB8F23B74FBB131A9 /* Pods_FlixTests.framework */ = {isa = PBXFileReference; explicitFileType = wrapper.framework; includeInIndex = 0; path = Pods_FlixTests.framework; sourceTree = BUILT_PRODUCTS_DIR; };
		2010B5C00AABEACD323F5AD7 /* Pods-Flix.release.xcconfig */ = {isa = PBXFileReference; includeInIndex = 1; lastKnownFileType = text.xcconfig; name = "Pods-Flix.release.xcconfig"; path = "Target Support Files/Pods-Flix/Pods-Flix.release.xcconfig"; sourceTree = "<group>"; };
		20E522B2EFABCAA037AB87F5 /* Pods-FlixTests.release.xcconfig */ = {isa = PBXFileReference; includeInIndex = 1; lastKnownFileType = text.xcconfig; name = "Pods-FlixTests.release.xcconfig"; path = "Target Support Files/Pods-FlixTests/Pods-FlixTests.release.xcconfig"; sourceTree = "<group>"; };
		6C13CA34B0C3824D866FACA8 /* Pods-Flix.debug.xcconfig */ = {isa = PBXFileReference; includeInIndex = 1; lastKnownFileType = text.xcconfig; name = "Pods-Flix.debug.xcconfig"; path = "Target Support Files/Pods-Flix/Pods-Flix.debug.xcconfig"; sourceTree = "<group>"; };
		96DDA8BD57FC6F744AF2093E /* Pods_Flix_FlixUITests.framework */ = {isa = PBXFileReference; explicitFileType = wrapper.framework; includeInIndex = 0; path = Pods_Flix_FlixUITests.framework; sourceTree = BUILT_PRODUCTS_DIR; };
		983628A7BF5B5C34386E5645 /* Pods-Flix-FlixUITests.debug.xcconfig */ = {isa = PBXFileReference; includeInIndex = 1; lastKnownFileType = text.xcconfig; name = "Pods-Flix-FlixUITests.debug.xcconfig"; path = "Target Support Files/Pods-Flix-FlixUITests/Pods-Flix-FlixUITests.debug.xcconfig"; sourceTree = "<group>"; };
		9A1AB3911AF0C8DB9E36549E /* Pods-Flix-FlixUITests.release.xcconfig */ = {isa = PBXFileReference; includeInIndex = 1; lastKnownFileType = text.xcconfig; name = "Pods-Flix-FlixUITests.release.xcconfig"; path = "Target Support Files/Pods-Flix-FlixUITests/Pods-Flix-FlixUITests.release.xcconfig"; sourceTree = "<group>"; };
		A66C36B762BF03EF6096E97B /* Pods-FlixTests.debug.xcconfig */ = {isa = PBXFileReference; includeInIndex = 1; lastKnownFileType = text.xcconfig; name = "Pods-FlixTests.debug.xcconfig"; path = "Target Support Files/Pods-FlixTests/Pods-FlixTests.debug.xcconfig"; sourceTree = "<group>"; };
		D8E70F526E544DF664B0E8D2 /* Pods_Flix.framework */ = {isa = PBXFileReference; explicitFileType = wrapper.framework; includeInIndex = 0; path = Pods_Flix.framework; sourceTree = BUILT_PRODUCTS_DIR; };
/* End PBXFileReference section */

/* Begin PBXFrameworksBuildPhase section */
		1B07B0B028C835A600ABFD06 /* Frameworks */ = {
			isa = PBXFrameworksBuildPhase;
			buildActionMask = 2147483647;
			files = (
				1BD7BCEF28CCFE190067BA03 /* AlamofireImage in Frameworks */,
				78B68A27085EC0DCA0680653 /* Pods_Flix.framework in Frameworks */,
			);
			runOnlyForDeploymentPostprocessing = 0;
		};
		1B07B0C628C835AC00ABFD06 /* Frameworks */ = {
			isa = PBXFrameworksBuildPhase;
			buildActionMask = 2147483647;
			files = (
				110B64753A5D6605D3CB2241 /* Pods_FlixTests.framework in Frameworks */,
			);
			runOnlyForDeploymentPostprocessing = 0;
		};
		1B07B0D028C835AC00ABFD06 /* Frameworks */ = {
			isa = PBXFrameworksBuildPhase;
			buildActionMask = 2147483647;
			files = (
				BE748B6BB585999E490FFFEB /* Pods_Flix_FlixUITests.framework in Frameworks */,
			);
			runOnlyForDeploymentPostprocessing = 0;
		};
/* End PBXFrameworksBuildPhase section */

/* Begin PBXGroup section */
		1B07B0AA28C835A600ABFD06 = {
			isa = PBXGroup;
			children = (
				1B07B0B528C835A600ABFD06 /* Flix */,
				1B07B0CC28C835AC00ABFD06 /* FlixTests */,
				1B07B0D628C835AC00ABFD06 /* FlixUITests */,
				1B07B0B428C835A600ABFD06 /* Products */,
				68310812A1CEE7D280F370E3 /* Pods */,
				BE047E9E5F225A9EAED8C551 /* Frameworks */,
			);
			sourceTree = "<group>";
		};
		1B07B0B428C835A600ABFD06 /* Products */ = {
			isa = PBXGroup;
			children = (
				1B07B0B328C835A600ABFD06 /* Flix.app */,
				1B07B0C928C835AC00ABFD06 /* FlixTests.xctest */,
				1B07B0D328C835AC00ABFD06 /* FlixUITests.xctest */,
			);
			name = Products;
			sourceTree = "<group>";
		};
		1B07B0B528C835A600ABFD06 /* Flix */ = {
			isa = PBXGroup;
			children = (
				1B07B0B628C835A600ABFD06 /* AppDelegate.swift */,
				1B07B0B828C835A600ABFD06 /* SceneDelegate.swift */,
				1B07B0BA28C835A600ABFD06 /* ViewController.swift */,
				1B07B0BC28C835A600ABFD06 /* Main.storyboard */,
				1B07B0BF28C835AC00ABFD06 /* Assets.xcassets */,
				1B07B0C128C835AC00ABFD06 /* LaunchScreen.storyboard */,
				1B07B0C428C835AC00ABFD06 /* Info.plist */,
				1BD7BCE928CCEDD70067BA03 /* MoviesViewController.swift */,
				1BD7BCEB28CCF6E30067BA03 /* MovieCell.swift */,
				1BD7BCF028D813D60067BA03 /* MovieDetailsViewController.swift */,
				1BD7BCF228D81C7F0067BA03 /* MovieGridViewController.swift */,
				1BD7BCF428D81F0E0067BA03 /* MovieGridCell.swift */,
			);
			path = Flix;
			sourceTree = "<group>";
		};
		1B07B0CC28C835AC00ABFD06 /* FlixTests */ = {
			isa = PBXGroup;
			children = (
				1B07B0CD28C835AC00ABFD06 /* FlixTests.swift */,
			);
			path = FlixTests;
			sourceTree = "<group>";
		};
		1B07B0D628C835AC00ABFD06 /* FlixUITests */ = {
			isa = PBXGroup;
			children = (
				1B07B0D728C835AC00ABFD06 /* FlixUITests.swift */,
				1B07B0D928C835AC00ABFD06 /* FlixUITestsLaunchTests.swift */,
			);
			path = FlixUITests;
			sourceTree = "<group>";
		};
		68310812A1CEE7D280F370E3 /* Pods */ = {
			isa = PBXGroup;
			children = (
				6C13CA34B0C3824D866FACA8 /* Pods-Flix.debug.xcconfig */,
				2010B5C00AABEACD323F5AD7 /* Pods-Flix.release.xcconfig */,
				983628A7BF5B5C34386E5645 /* Pods-Flix-FlixUITests.debug.xcconfig */,
				9A1AB3911AF0C8DB9E36549E /* Pods-Flix-FlixUITests.release.xcconfig */,
				A66C36B762BF03EF6096E97B /* Pods-FlixTests.debug.xcconfig */,
				20E522B2EFABCAA037AB87F5 /* Pods-FlixTests.release.xcconfig */,
			);
			path = Pods;
			sourceTree = "<group>";
		};
		BE047E9E5F225A9EAED8C551 /* Frameworks */ = {
			isa = PBXGroup;
			children = (
				D8E70F526E544DF664B0E8D2 /* Pods_Flix.framework */,
				96DDA8BD57FC6F744AF2093E /* Pods_Flix_FlixUITests.framework */,
				1C3C5CDAB8F23B74FBB131A9 /* Pods_FlixTests.framework */,
			);
			name = Frameworks;
			sourceTree = "<group>";
		};
/* End PBXGroup section */

/* Begin PBXNativeTarget section */
		1B07B0B228C835A600ABFD06 /* Flix */ = {
			isa = PBXNativeTarget;
			buildConfigurationList = 1B07B0DD28C835AC00ABFD06 /* Build configuration list for PBXNativeTarget "Flix" */;
			buildPhases = (
				4260236CF079986E2DE82999 /* [CP] Check Pods Manifest.lock */,
				1B07B0AF28C835A600ABFD06 /* Sources */,
				1B07B0B028C835A600ABFD06 /* Frameworks */,
				1B07B0B128C835A600ABFD06 /* Resources */,
				550F66C78929BD0DB81116B2 /* [CP] Embed Pods Frameworks */,
			);
			buildRules = (
			);
			dependencies = (
			);
			name = Flix;
			packageProductDependencies = (
				1BD7BCEE28CCFE190067BA03 /* AlamofireImage */,
			);
			productName = Flix;
			productReference = 1B07B0B328C835A600ABFD06 /* Flix.app */;
			productType = "com.apple.product-type.application";
		};
		1B07B0C828C835AC00ABFD06 /* FlixTests */ = {
			isa = PBXNativeTarget;
			buildConfigurationList = 1B07B0E028C835AC00ABFD06 /* Build configuration list for PBXNativeTarget "FlixTests" */;
			buildPhases = (
				1711213D6B415AFFE6F31682 /* [CP] Check Pods Manifest.lock */,
				1B07B0C528C835AC00ABFD06 /* Sources */,
				1B07B0C628C835AC00ABFD06 /* Frameworks */,
				1B07B0C728C835AC00ABFD06 /* Resources */,
			);
			buildRules = (
			);
			dependencies = (
				1B07B0CB28C835AC00ABFD06 /* PBXTargetDependency */,
			);
			name = FlixTests;
			productName = FlixTests;
			productReference = 1B07B0C928C835AC00ABFD06 /* FlixTests.xctest */;
			productType = "com.apple.product-type.bundle.unit-test";
		};
		1B07B0D228C835AC00ABFD06 /* FlixUITests */ = {
			isa = PBXNativeTarget;
			buildConfigurationList = 1B07B0E328C835AC00ABFD06 /* Build configuration list for PBXNativeTarget "FlixUITests" */;
			buildPhases = (
				D5DEB11E5198999BCFCFFC79 /* [CP] Check Pods Manifest.lock */,
				1B07B0CF28C835AC00ABFD06 /* Sources */,
				1B07B0D028C835AC00ABFD06 /* Frameworks */,
				1B07B0D128C835AC00ABFD06 /* Resources */,
				EDFC11D74B3154B57AC0A9A2 /* [CP] Embed Pods Frameworks */,
			);
			buildRules = (
			);
			dependencies = (
				1B07B0D528C835AC00ABFD06 /* PBXTargetDependency */,
			);
			name = FlixUITests;
			productName = FlixUITests;
			productReference = 1B07B0D328C835AC00ABFD06 /* FlixUITests.xctest */;
			productType = "com.apple.product-type.bundle.ui-testing";
		};
/* End PBXNativeTarget section */

/* Begin PBXProject section */
		1B07B0AB28C835A600ABFD06 /* Project object */ = {
			isa = PBXProject;
			attributes = {
				BuildIndependentTargetsInParallel = 1;
				LastSwiftUpdateCheck = 1340;
				LastUpgradeCheck = 1340;
				TargetAttributes = {
					1B07B0B228C835A600ABFD06 = {
						CreatedOnToolsVersion = 13.4.1;
					};
					1B07B0C828C835AC00ABFD06 = {
						CreatedOnToolsVersion = 13.4.1;
						TestTargetID = 1B07B0B228C835A600ABFD06;
					};
					1B07B0D228C835AC00ABFD06 = {
						CreatedOnToolsVersion = 13.4.1;
						TestTargetID = 1B07B0B228C835A600ABFD06;
					};
				};
			};
			buildConfigurationList = 1B07B0AE28C835A600ABFD06 /* Build configuration list for PBXProject "Flix" */;
			compatibilityVersion = "Xcode 13.0";
			developmentRegion = en;
			hasScannedForEncodings = 0;
			knownRegions = (
				en,
				Base,
			);
			mainGroup = 1B07B0AA28C835A600ABFD06;
			packageReferences = (
				1BD7BCED28CCFE190067BA03 /* XCRemoteSwiftPackageReference "AlamofireImage" */,
			);
			productRefGroup = 1B07B0B428C835A600ABFD06 /* Products */;
			projectDirPath = "";
			projectRoot = "";
			targets = (
				1B07B0B228C835A600ABFD06 /* Flix */,
				1B07B0C828C835AC00ABFD06 /* FlixTests */,
				1B07B0D228C835AC00ABFD06 /* FlixUITests */,
			);
		};
/* End PBXProject section */

/* Begin PBXResourcesBuildPhase section */
		1B07B0B128C835A600ABFD06 /* Resources */ = {
			isa = PBXResourcesBuildPhase;
			buildActionMask = 2147483647;
			files = (
				1B07B0C328C835AC00ABFD06 /* LaunchScreen.storyboard in Resources */,
				1B07B0C028C835AC00ABFD06 /* Assets.xcassets in Resources */,
				1B07B0BE28C835A600ABFD06 /* Main.storyboard in Resources */,
			);
			runOnlyForDeploymentPostprocessing = 0;
		};
		1B07B0C728C835AC00ABFD06 /* Resources */ = {
			isa = PBXResourcesBuildPhase;
			buildActionMask = 2147483647;
			files = (
			);
			runOnlyForDeploymentPostprocessing = 0;
		};
		1B07B0D128C835AC00ABFD06 /* Resources */ = {
			isa = PBXResourcesBuildPhase;
			buildActionMask = 2147483647;
			files = (
			);
			runOnlyForDeploymentPostprocessing = 0;
		};
/* End PBXResourcesBuildPhase section */

/* Begin PBXShellScriptBuildPhase section */
		1711213D6B415AFFE6F31682 /* [CP] Check Pods Manifest.lock */ = {
			isa = PBXShellScriptBuildPhase;
			buildActionMask = 2147483647;
			files = (
			);
			inputFileListPaths = (
			);
			inputPaths = (
				"${PODS_PODFILE_DIR_PATH}/Podfile.lock",
				"${PODS_ROOT}/Manifest.lock",
			);
			name = "[CP] Check Pods Manifest.lock";
			outputFileListPaths = (
			);
			outputPaths = (
				"$(DERIVED_FILE_DIR)/Pods-FlixTests-checkManifestLockResult.txt",
			);
			runOnlyForDeploymentPostprocessing = 0;
			shellPath = /bin/sh;
			shellScript = "diff \"${PODS_PODFILE_DIR_PATH}/Podfile.lock\" \"${PODS_ROOT}/Manifest.lock\" > /dev/null\nif [ $? != 0 ] ; then\n    # print error to STDERR\n    echo \"error: The sandbox is not in sync with the Podfile.lock. Run 'pod install' or update your CocoaPods installation.\" >&2\n    exit 1\nfi\n# This output is used by Xcode 'outputs' to avoid re-running this script phase.\necho \"SUCCESS\" > \"${SCRIPT_OUTPUT_FILE_0}\"\n";
			showEnvVarsInLog = 0;
		};
		4260236CF079986E2DE82999 /* [CP] Check Pods Manifest.lock */ = {
			isa = PBXShellScriptBuildPhase;
			buildActionMask = 2147483647;
			files = (
			);
			inputFileListPaths = (
			);
			inputPaths = (
				"${PODS_PODFILE_DIR_PATH}/Podfile.lock",
				"${PODS_ROOT}/Manifest.lock",
			);
			name = "[CP] Check Pods Manifest.lock";
			outputFileListPaths = (
			);
			outputPaths = (
				"$(DERIVED_FILE_DIR)/Pods-Flix-checkManifestLockResult.txt",
			);
			runOnlyForDeploymentPostprocessing = 0;
			shellPath = /bin/sh;
			shellScript = "diff \"${PODS_PODFILE_DIR_PATH}/Podfile.lock\" \"${PODS_ROOT}/Manifest.lock\" > /dev/null\nif [ $? != 0 ] ; then\n    # print error to STDERR\n    echo \"error: The sandbox is not in sync with the Podfile.lock. Run 'pod install' or update your CocoaPods installation.\" >&2\n    exit 1\nfi\n# This output is used by Xcode 'outputs' to avoid re-running this script phase.\necho \"SUCCESS\" > \"${SCRIPT_OUTPUT_FILE_0}\"\n";
			showEnvVarsInLog = 0;
		};
		550F66C78929BD0DB81116B2 /* [CP] Embed Pods Frameworks */ = {
			isa = PBXShellScriptBuildPhase;
			buildActionMask = 2147483647;
			files = (
			);
			inputFileListPaths = (
				"${PODS_ROOT}/Target Support Files/Pods-Flix/Pods-Flix-frameworks-${CONFIGURATION}-input-files.xcfilelist",
			);
			name = "[CP] Embed Pods Frameworks";
			outputFileListPaths = (
				"${PODS_ROOT}/Target Support Files/Pods-Flix/Pods-Flix-frameworks-${CONFIGURATION}-output-files.xcfilelist",
			);
			runOnlyForDeploymentPostprocessing = 0;
			shellPath = /bin/sh;
			shellScript = "\"${PODS_ROOT}/Target Support Files/Pods-Flix/Pods-Flix-frameworks.sh\"\n";
			showEnvVarsInLog = 0;
		};
		D5DEB11E5198999BCFCFFC79 /* [CP] Check Pods Manifest.lock */ = {
			isa = PBXShellScriptBuildPhase;
			buildActionMask = 2147483647;
			files = (
			);
			inputFileListPaths = (
			);
			inputPaths = (
				"${PODS_PODFILE_DIR_PATH}/Podfile.lock",
				"${PODS_ROOT}/Manifest.lock",
			);
			name = "[CP] Check Pods Manifest.lock";
			outputFileListPaths = (
			);
			outputPaths = (
				"$(DERIVED_FILE_DIR)/Pods-Flix-FlixUITests-checkManifestLockResult.txt",
			);
			runOnlyForDeploymentPostprocessing = 0;
			shellPath = /bin/sh;
			shellScript = "diff \"${PODS_PODFILE_DIR_PATH}/Podfile.lock\" \"${PODS_ROOT}/Manifest.lock\" > /dev/null\nif [ $? != 0 ] ; then\n    # print error to STDERR\n    echo \"error: The sandbox is not in sync with the Podfile.lock. Run 'pod install' or update your CocoaPods installation.\" >&2\n    exit 1\nfi\n# This output is used by Xcode 'outputs' to avoid re-running this script phase.\necho \"SUCCESS\" > \"${SCRIPT_OUTPUT_FILE_0}\"\n";
			showEnvVarsInLog = 0;
		};
		EDFC11D74B3154B57AC0A9A2 /* [CP] Embed Pods Frameworks */ = {
			isa = PBXShellScriptBuildPhase;
			buildActionMask = 2147483647;
			files = (
			);
			inputFileListPaths = (
				"${PODS_ROOT}/Target Support Files/Pods-Flix-FlixUITests/Pods-Flix-FlixUITests-frameworks-${CONFIGURATION}-input-files.xcfilelist",
			);
			name = "[CP] Embed Pods Frameworks";
			outputFileListPaths = (
				"${PODS_ROOT}/Target Support Files/Pods-Flix-FlixUITests/Pods-Flix-FlixUITests-frameworks-${CONFIGURATION}-output-files.xcfilelist",
			);
			runOnlyForDeploymentPostprocessing = 0;
			shellPath = /bin/sh;
			shellScript = "\"${PODS_ROOT}/Target Support Files/Pods-Flix-FlixUITests/Pods-Flix-FlixUITests-frameworks.sh\"\n";
			showEnvVarsInLog = 0;
		};
/* End PBXShellScriptBuildPhase section */

/* Begin PBXSourcesBuildPhase section */
		1B07B0AF28C835A600ABFD06 /* Sources */ = {
			isa = PBXSourcesBuildPhase;
			buildActionMask = 2147483647;
			files = (
				1B07B0BB28C835A600ABFD06 /* ViewController.swift in Sources */,
				1B07B0B728C835A600ABFD06 /* AppDelegate.swift in Sources */,
				1BD7BCF128D813D60067BA03 /* MovieDetailsViewController.swift in Sources */,
				1BD7BCF328D81C7F0067BA03 /* MovieGridViewController.swift in Sources */,
				1BD7BCF528D81F0E0067BA03 /* MovieGridCell.swift in Sources */,
				1B07B0B928C835A600ABFD06 /* SceneDelegate.swift in Sources */,
				1BD7BCEC28CCF6E30067BA03 /* MovieCell.swift in Sources */,
				1BD7BCEA28CCEDD70067BA03 /* MoviesViewController.swift in Sources */,
			);
			runOnlyForDeploymentPostprocessing = 0;
		};
		1B07B0C528C835AC00ABFD06 /* Sources */ = {
			isa = PBXSourcesBuildPhase;
			buildActionMask = 2147483647;
			files = (
				1B07B0CE28C835AC00ABFD06 /* FlixTests.swift in Sources */,
			);
			runOnlyForDeploymentPostprocessing = 0;
		};
		1B07B0CF28C835AC00ABFD06 /* Sources */ = {
			isa = PBXSourcesBuildPhase;
			buildActionMask = 2147483647;
			files = (
				1B07B0D828C835AC00ABFD06 /* FlixUITests.swift in Sources */,
				1B07B0DA28C835AC00ABFD06 /* FlixUITestsLaunchTests.swift in Sources */,
			);
			runOnlyForDeploymentPostprocessing = 0;
		};
/* End PBXSourcesBuildPhase section */

/* Begin PBXTargetDependency section */
		1B07B0CB28C835AC00ABFD06 /* PBXTargetDependency */ = {
			isa = PBXTargetDependency;
			target = 1B07B0B228C835A600ABFD06 /* Flix */;
			targetProxy = 1B07B0CA28C835AC00ABFD06 /* PBXContainerItemProxy */;
		};
		1B07B0D528C835AC00ABFD06 /* PBXTargetDependency */ = {
			isa = PBXTargetDependency;
			target = 1B07B0B228C835A600ABFD06 /* Flix */;
			targetProxy = 1B07B0D428C835AC00ABFD06 /* PBXContainerItemProxy */;
		};
/* End PBXTargetDependency section */

/* Begin PBXVariantGroup section */
		1B07B0BC28C835A600ABFD06 /* Main.storyboard */ = {
			isa = PBXVariantGroup;
			children = (
				1B07B0BD28C835A600ABFD06 /* Base */,
			);
			name = Main.storyboard;
			sourceTree = "<group>";
		};
		1B07B0C128C835AC00ABFD06 /* LaunchScreen.storyboard */ = {
			isa = PBXVariantGroup;
			children = (
				1B07B0C228C835AC00ABFD06 /* Base */,
			);
			name = LaunchScreen.storyboard;
			sourceTree = "<group>";
		};
/* End PBXVariantGroup section */

/* Begin XCBuildConfiguration section */
		1B07B0DB28C835AC00ABFD06 /* Debug */ = {
			isa = XCBuildConfiguration;
			buildSettings = {
				ALWAYS_SEARCH_USER_PATHS = NO;
				CLANG_ANALYZER_NONNULL = YES;
				CLANG_ANALYZER_NUMBER_OBJECT_CONVERSION = YES_AGGRESSIVE;
				CLANG_CXX_LANGUAGE_STANDARD = "gnu++17";
				CLANG_ENABLE_MODULES = YES;
				CLANG_ENABLE_OBJC_ARC = YES;
				CLANG_ENABLE_OBJC_WEAK = YES;
				CLANG_WARN_BLOCK_CAPTURE_AUTORELEASING = YES;
				CLANG_WARN_BOOL_CONVERSION = YES;
				CLANG_WARN_COMMA = YES;
				CLANG_WARN_CONSTANT_CONVERSION = YES;
				CLANG_WARN_DEPRECATED_OBJC_IMPLEMENTATIONS = YES;
				CLANG_WARN_DIRECT_OBJC_ISA_USAGE = YES_ERROR;
				CLANG_WARN_DOCUMENTATION_COMMENTS = YES;
				CLANG_WARN_EMPTY_BODY = YES;
				CLANG_WARN_ENUM_CONVERSION = YES;
				CLANG_WARN_INFINITE_RECURSION = YES;
				CLANG_WARN_INT_CONVERSION = YES;
				CLANG_WARN_NON_LITERAL_NULL_CONVERSION = YES;
				CLANG_WARN_OBJC_IMPLICIT_RETAIN_SELF = YES;
				CLANG_WARN_OBJC_LITERAL_CONVERSION = YES;
				CLANG_WARN_OBJC_ROOT_CLASS = YES_ERROR;
				CLANG_WARN_QUOTED_INCLUDE_IN_FRAMEWORK_HEADER = YES;
				CLANG_WARN_RANGE_LOOP_ANALYSIS = YES;
				CLANG_WARN_STRICT_PROTOTYPES = YES;
				CLANG_WARN_SUSPICIOUS_MOVE = YES;
				CLANG_WARN_UNGUARDED_AVAILABILITY = YES_AGGRESSIVE;
				CLANG_WARN_UNREACHABLE_CODE = YES;
				CLANG_WARN__DUPLICATE_METHOD_MATCH = YES;
				COPY_PHASE_STRIP = NO;
				DEBUG_INFORMATION_FORMAT = dwarf;
				ENABLE_STRICT_OBJC_MSGSEND = YES;
				ENABLE_TESTABILITY = YES;
				GCC_C_LANGUAGE_STANDARD = gnu11;
				GCC_DYNAMIC_NO_PIC = NO;
				GCC_NO_COMMON_BLOCKS = YES;
				GCC_OPTIMIZATION_LEVEL = 0;
				GCC_PREPROCESSOR_DEFINITIONS = (
					"DEBUG=1",
					"$(inherited)",
				);
				GCC_WARN_64_TO_32_BIT_CONVERSION = YES;
				GCC_WARN_ABOUT_RETURN_TYPE = YES_ERROR;
				GCC_WARN_UNDECLARED_SELECTOR = YES;
				GCC_WARN_UNINITIALIZED_AUTOS = YES_AGGRESSIVE;
				GCC_WARN_UNUSED_FUNCTION = YES;
				GCC_WARN_UNUSED_VARIABLE = YES;
				IPHONEOS_DEPLOYMENT_TARGET = 15.5;
				MTL_ENABLE_DEBUG_INFO = INCLUDE_SOURCE;
				MTL_FAST_MATH = YES;
				ONLY_ACTIVE_ARCH = YES;
				SDKROOT = iphoneos;
				SWIFT_ACTIVE_COMPILATION_CONDITIONS = DEBUG;
				SWIFT_OPTIMIZATION_LEVEL = "-Onone";
			};
			name = Debug;
		};
		1B07B0DC28C835AC00ABFD06 /* Release */ = {
			isa = XCBuildConfiguration;
			buildSettings = {
				ALWAYS_SEARCH_USER_PATHS = NO;
				CLANG_ANALYZER_NONNULL = YES;
				CLANG_ANALYZER_NUMBER_OBJECT_CONVERSION = YES_AGGRESSIVE;
				CLANG_CXX_LANGUAGE_STANDARD = "gnu++17";
				CLANG_ENABLE_MODULES = YES;
				CLANG_ENABLE_OBJC_ARC = YES;
				CLANG_ENABLE_OBJC_WEAK = YES;
				CLANG_WARN_BLOCK_CAPTURE_AUTORELEASING = YES;
				CLANG_WARN_BOOL_CONVERSION = YES;
				CLANG_WARN_COMMA = YES;
				CLANG_WARN_CONSTANT_CONVERSION = YES;
				CLANG_WARN_DEPRECATED_OBJC_IMPLEMENTATIONS = YES;
				CLANG_WARN_DIRECT_OBJC_ISA_USAGE = YES_ERROR;
				CLANG_WARN_DOCUMENTATION_COMMENTS = YES;
				CLANG_WARN_EMPTY_BODY = YES;
				CLANG_WARN_ENUM_CONVERSION = YES;
				CLANG_WARN_INFINITE_RECURSION = YES;
				CLANG_WARN_INT_CONVERSION = YES;
				CLANG_WARN_NON_LITERAL_NULL_CONVERSION = YES;
				CLANG_WARN_OBJC_IMPLICIT_RETAIN_SELF = YES;
				CLANG_WARN_OBJC_LITERAL_CONVERSION = YES;
				CLANG_WARN_OBJC_ROOT_CLASS = YES_ERROR;
				CLANG_WARN_QUOTED_INCLUDE_IN_FRAMEWORK_HEADER = YES;
				CLANG_WARN_RANGE_LOOP_ANALYSIS = YES;
				CLANG_WARN_STRICT_PROTOTYPES = YES;
				CLANG_WARN_SUSPICIOUS_MOVE = YES;
				CLANG_WARN_UNGUARDED_AVAILABILITY = YES_AGGRESSIVE;
				CLANG_WARN_UNREACHABLE_CODE = YES;
				CLANG_WARN__DUPLICATE_METHOD_MATCH = YES;
				COPY_PHASE_STRIP = NO;
				DEBUG_INFORMATION_FORMAT = "dwarf-with-dsym";
				ENABLE_NS_ASSERTIONS = NO;
				ENABLE_STRICT_OBJC_MSGSEND = YES;
				GCC_C_LANGUAGE_STANDARD = gnu11;
				GCC_NO_COMMON_BLOCKS = YES;
				GCC_WARN_64_TO_32_BIT_CONVERSION = YES;
				GCC_WARN_ABOUT_RETURN_TYPE = YES_ERROR;
				GCC_WARN_UNDECLARED_SELECTOR = YES;
				GCC_WARN_UNINITIALIZED_AUTOS = YES_AGGRESSIVE;
				GCC_WARN_UNUSED_FUNCTION = YES;
				GCC_WARN_UNUSED_VARIABLE = YES;
				IPHONEOS_DEPLOYMENT_TARGET = 15.5;
				MTL_ENABLE_DEBUG_INFO = NO;
				MTL_FAST_MATH = YES;
				SDKROOT = iphoneos;
				SWIFT_COMPILATION_MODE = wholemodule;
				SWIFT_OPTIMIZATION_LEVEL = "-O";
				VALIDATE_PRODUCT = YES;
			};
			name = Release;
		};
		1B07B0DE28C835AC00ABFD06 /* Debug */ = {
			isa = XCBuildConfiguration;
			baseConfigurationReference = 6C13CA34B0C3824D866FACA8 /* Pods-Flix.debug.xcconfig */;
			buildSettings = {
				ASSETCATALOG_COMPILER_APPICON_NAME = AppIcon;
				ASSETCATALOG_COMPILER_GLOBAL_ACCENT_COLOR_NAME = AccentColor;
				CODE_SIGN_STYLE = Automatic;
				CURRENT_PROJECT_VERSION = 1;
				GENERATE_INFOPLIST_FILE = YES;
				INFOPLIST_FILE = Flix/Info.plist;
				INFOPLIST_KEY_UIApplicationSupportsIndirectInputEvents = YES;
				INFOPLIST_KEY_UILaunchStoryboardName = LaunchScreen;
				INFOPLIST_KEY_UIMainStoryboardFile = Main;
				INFOPLIST_KEY_UISupportedInterfaceOrientations_iPad = "UIInterfaceOrientationPortrait UIInterfaceOrientationPortraitUpsideDown UIInterfaceOrientationLandscapeLeft UIInterfaceOrientationLandscapeRight";
				INFOPLIST_KEY_UISupportedInterfaceOrientations_iPhone = "UIInterfaceOrientationPortrait UIInterfaceOrientationLandscapeLeft UIInterfaceOrientationLandscapeRight";
				LD_RUNPATH_SEARCH_PATHS = (
					"$(inherited)",
					"@executable_path/Frameworks",
				);
				MARKETING_VERSION = 1.0;
				PRODUCT_BUNDLE_IDENTIFIER = codepath.Flix;
				PRODUCT_NAME = "$(TARGET_NAME)";
				SWIFT_EMIT_LOC_STRINGS = YES;
				SWIFT_VERSION = 5.0;
				TARGETED_DEVICE_FAMILY = "1,2";
			};
			name = Debug;
		};
		1B07B0DF28C835AC00ABFD06 /* Release */ = {
			isa = XCBuildConfiguration;
			baseConfigurationReference = 2010B5C00AABEACD323F5AD7 /* Pods-Flix.release.xcconfig */;
			buildSettings = {
				ASSETCATALOG_COMPILER_APPICON_NAME = AppIcon;
				ASSETCATALOG_COMPILER_GLOBAL_ACCENT_COLOR_NAME = AccentColor;
				CODE_SIGN_STYLE = Automatic;
				CURRENT_PROJECT_VERSION = 1;
				GENERATE_INFOPLIST_FILE = YES;
				INFOPLIST_FILE = Flix/Info.plist;
				INFOPLIST_KEY_UIApplicationSupportsIndirectInputEvents = YES;
				INFOPLIST_KEY_UILaunchStoryboardName = LaunchScreen;
				INFOPLIST_KEY_UIMainStoryboardFile = Main;
				INFOPLIST_KEY_UISupportedInterfaceOrientations_iPad = "UIInterfaceOrientationPortrait UIInterfaceOrientationPortraitUpsideDown UIInterfaceOrientationLandscapeLeft UIInterfaceOrientationLandscapeRight";
				INFOPLIST_KEY_UISupportedInterfaceOrientations_iPhone = "UIInterfaceOrientationPortrait UIInterfaceOrientationLandscapeLeft UIInterfaceOrientationLandscapeRight";
				LD_RUNPATH_SEARCH_PATHS = (
					"$(inherited)",
					"@executable_path/Frameworks",
				);
				MARKETING_VERSION = 1.0;
				PRODUCT_BUNDLE_IDENTIFIER = codepath.Flix;
				PRODUCT_NAME = "$(TARGET_NAME)";
				SWIFT_EMIT_LOC_STRINGS = YES;
				SWIFT_VERSION = 5.0;
				TARGETED_DEVICE_FAMILY = "1,2";
			};
			name = Release;
		};
		1B07B0E128C835AC00ABFD06 /* Debug */ = {
			isa = XCBuildConfiguration;
			baseConfigurationReference = A66C36B762BF03EF6096E97B /* Pods-FlixTests.debug.xcconfig */;
			buildSettings = {
				ALWAYS_EMBED_SWIFT_STANDARD_LIBRARIES = YES;
				BUNDLE_LOADER = "$(TEST_HOST)";
				CODE_SIGN_STYLE = Automatic;
				CURRENT_PROJECT_VERSION = 1;
				GENERATE_INFOPLIST_FILE = YES;
				IPHONEOS_DEPLOYMENT_TARGET = 15.5;
				MARKETING_VERSION = 1.0;
				PRODUCT_BUNDLE_IDENTIFIER = codepath.FlixTests;
				PRODUCT_NAME = "$(TARGET_NAME)";
				SWIFT_EMIT_LOC_STRINGS = NO;
				SWIFT_VERSION = 5.0;
				TARGETED_DEVICE_FAMILY = "1,2";
				TEST_HOST = "$(BUILT_PRODUCTS_DIR)/Flix.app/Flix";
			};
			name = Debug;
		};
		1B07B0E228C835AC00ABFD06 /* Release */ = {
			isa = XCBuildConfiguration;
			baseConfigurationReference = 20E522B2EFABCAA037AB87F5 /* Pods-FlixTests.release.xcconfig */;
			buildSettings = {
				ALWAYS_EMBED_SWIFT_STANDARD_LIBRARIES = YES;
				BUNDLE_LOADER = "$(TEST_HOST)";
				CODE_SIGN_STYLE = Automatic;
				CURRENT_PROJECT_VERSION = 1;
				GENERATE_INFOPLIST_FILE = YES;
				IPHONEOS_DEPLOYMENT_TARGET = 15.5;
				MARKETING_VERSION = 1.0;
				PRODUCT_BUNDLE_IDENTIFIER = codepath.FlixTests;
				PRODUCT_NAME = "$(TARGET_NAME)";
				SWIFT_EMIT_LOC_STRINGS = NO;
				SWIFT_VERSION = 5.0;
				TARGETED_DEVICE_FAMILY = "1,2";
				TEST_HOST = "$(BUILT_PRODUCTS_DIR)/Flix.app/Flix";
			};
			name = Release;
		};
		1B07B0E428C835AC00ABFD06 /* Debug */ = {
			isa = XCBuildConfiguration;
			baseConfigurationReference = 983628A7BF5B5C34386E5645 /* Pods-Flix-FlixUITests.debug.xcconfig */;
			buildSettings = {
				ALWAYS_EMBED_SWIFT_STANDARD_LIBRARIES = YES;
				CODE_SIGN_STYLE = Automatic;
				CURRENT_PROJECT_VERSION = 1;
				GENERATE_INFOPLIST_FILE = YES;
				MARKETING_VERSION = 1.0;
				PRODUCT_BUNDLE_IDENTIFIER = codepath.FlixUITests;
				PRODUCT_NAME = "$(TARGET_NAME)";
				SWIFT_EMIT_LOC_STRINGS = NO;
				SWIFT_VERSION = 5.0;
				TARGETED_DEVICE_FAMILY = "1,2";
				TEST_TARGET_NAME = Flix;
			};
			name = Debug;
		};
		1B07B0E528C835AC00ABFD06 /* Release */ = {
			isa = XCBuildConfiguration;
			baseConfigurationReference = 9A1AB3911AF0C8DB9E36549E /* Pods-Flix-FlixUITests.release.xcconfig */;
			buildSettings = {
				ALWAYS_EMBED_SWIFT_STANDARD_LIBRARIES = YES;
				CODE_SIGN_STYLE = Automatic;
				CURRENT_PROJECT_VERSION = 1;
				GENERATE_INFOPLIST_FILE = YES;
				MARKETING_VERSION = 1.0;
				PRODUCT_BUNDLE_IDENTIFIER = codepath.FlixUITests;
				PRODUCT_NAME = "$(TARGET_NAME)";
				SWIFT_EMIT_LOC_STRINGS = NO;
				SWIFT_VERSION = 5.0;
				TARGETED_DEVICE_FAMILY = "1,2";
				TEST_TARGET_NAME = Flix;
			};
			name = Release;
		};
/* End XCBuildConfiguration section */

/* Begin XCConfigurationList section */
		1B07B0AE28C835A600ABFD06 /* Build configuration list for PBXProject "Flix" */ = {
			isa = XCConfigurationList;
			buildConfigurations = (
				1B07B0DB28C835AC00ABFD06 /* Debug */,
				1B07B0DC28C835AC00ABFD06 /* Release */,
			);
			defaultConfigurationIsVisible = 0;
			defaultConfigurationName = Release;
		};
		1B07B0DD28C835AC00ABFD06 /* Build configuration list for PBXNativeTarget "Flix" */ = {
			isa = XCConfigurationList;
			buildConfigurations = (
				1B07B0DE28C835AC00ABFD06 /* Debug */,
				1B07B0DF28C835AC00ABFD06 /* Release */,
			);
			defaultConfigurationIsVisible = 0;
			defaultConfigurationName = Release;
		};
		1B07B0E028C835AC00ABFD06 /* Build configuration list for PBXNativeTarget "FlixTests" */ = {
			isa = XCConfigurationList;
			buildConfigurations = (
				1B07B0E128C835AC00ABFD06 /* Debug */,
				1B07B0E228C835AC00ABFD06 /* Release */,
			);
			defaultConfigurationIsVisible = 0;
			defaultConfigurationName = Release;
		};
		1B07B0E328C835AC00ABFD06 /* Build configuration list for PBXNativeTarget "FlixUITests" */ = {
			isa = XCConfigurationList;
			buildConfigurations = (
				1B07B0E428C835AC00ABFD06 /* Debug */,
				1B07B0E528C835AC00ABFD06 /* Release */,
			);
			defaultConfigurationIsVisible = 0;
			defaultConfigurationName = Release;
		};
/* End XCConfigurationList section */

/* Begin XCRemoteSwiftPackageReference section */
		1BD7BCED28CCFE190067BA03 /* XCRemoteSwiftPackageReference "AlamofireImage" */ = {
			isa = XCRemoteSwiftPackageReference;
			repositoryURL = "https://github.com/Alamofire/AlamofireImage";
			requirement = {
				kind = upToNextMajorVersion;
				minimumVersion = 4.0.0;
			};
		};
/* End XCRemoteSwiftPackageReference section */

/* Begin XCSwiftPackageProductDependency section */
		1BD7BCEE28CCFE190067BA03 /* AlamofireImage */ = {
			isa = XCSwiftPackageProductDependency;
			package = 1BD7BCED28CCFE190067BA03 /* XCRemoteSwiftPackageReference "AlamofireImage" */;
			productName = AlamofireImage;
		};
/* End XCSwiftPackageProductDependency section */
	};
	rootObject = 1B07B0AB28C835A600ABFD06 /* Project object */;
}
